<?xml version="1.0" encoding="utf-8"?>
<Project ToolsVersion="4.0" xmlns="http://schemas.microsoft.com/developer/msbuild/2003">
  <ItemGroup>
    <ClCompile Include="GGUIColor.cpp">
      <Filter>GGUI</Filter>
    </ClCompile>
    <ClCompile Include="GGUIComponentText.cpp">
      <Filter>GGUI</Filter>
    </ClCompile>
    <ClCompile Include="GGUIFileGGM.cpp">
      <Filter>GGUI</Filter>
    </ClCompile>
    <ClCompile Include="GGUIFuncHelp.cpp">
      <Filter>GGUI</Filter>
    </ClCompile>
    <ClCompile Include="GGUIImageset.cpp">
      <Filter>GGUI</Filter>
    </ClCompile>
    <ClCompile Include="GGUIImagesetIO.cpp">
      <Filter>GGUI</Filter>
    </ClCompile>
    <ClCompile Include="GGUIImagesetManager.cpp">
      <Filter>GGUI</Filter>
    </ClCompile>
    <ClCompile Include="GGUIInputHelp.cpp">
      <Filter>GGUI</Filter>
    </ClCompile>
    <ClCompile Include="GGUILogicFlowHelp.cpp">
      <Filter>GGUI</Filter>
    </ClCompile>
    <ClCompile Include="GGUIPanel.cpp">
      <Filter>GGUI</Filter>
    </ClCompile>
    <ClCompile Include="GGUIPoint.cpp">
      <Filter>GGUI</Filter>
    </ClCompile>
    <ClCompile Include="GGUIRect.cpp">
      <Filter>GGUI</Filter>
    </ClCompile>
    <ClCompile Include="GGUIRenderHelp.cpp">
      <Filter>GGUI</Filter>
    </ClCompile>
    <ClCompile Include="GGUIRenderManager.cpp">
      <Filter>GGUI</Filter>
    </ClCompile>
    <ClCompile Include="GGUIRichTextDefine.cpp">
      <Filter>GGUI</Filter>
    </ClCompile>
    <ClCompile Include="GGUIUserDefine.cpp">
      <Filter>GGUI</Filter>
    </ClCompile>
    <ClCompile Include="GGUIWindowBase.cpp">
      <Filter>GGUI</Filter>
    </ClCompile>
    <ClCompile Include="GGUIWindowButton.cpp">
      <Filter>GGUI</Filter>
    </ClCompile>
    <ClCompile Include="GGUIWindowContainer.cpp">
      <Filter>GGUI</Filter>
    </ClCompile>
    <ClCompile Include="GGUIWindowFactory.cpp">
      <Filter>GGUI</Filter>
    </ClCompile>
    <ClCompile Include="GGUIWindowImage.cpp">
      <Filter>GGUI</Filter>
    </ClCompile>
    <ClCompile Include="GGUIWindowRichText.cpp">
      <Filter>GGUI</Filter>
    </ClCompile>
    <ClCompile Include="GGUIWindowText.cpp">
      <Filter>GGUI</Filter>
    </ClCompile>
    <ClCompile Include="SoD3DCamera.cpp">
      <Filter>SoD3D</Filter>
    </ClCompile>
    <ClCompile Include="SoD3DCameraBase.cpp">
      <Filter>SoD3D</Filter>
    </ClCompile>
    <ClCompile Include="SoD3DCameraUI.cpp">
      <Filter>SoD3D</Filter>
    </ClCompile>
    <ClCompile Include="SoD3DLogicFlowHelp.cpp">
      <Filter>SoD3D</Filter>
    </ClCompile>
    <ClCompile Include="SoD3DModelBase.cpp">
      <Filter>SoD3D</Filter>
    </ClCompile>
    <ClCompile Include="SoD3DModelCube.cpp">
      <Filter>SoD3D</Filter>
    </ClCompile>
    <ClCompile Include="SoD3DModelFbx.cpp">
      <Filter>SoD3D</Filter>
    </ClCompile>
    <ClCompile Include="SoD3DModelKK.cpp">
      <Filter>SoD3D</Filter>
    </ClCompile>
    <ClCompile Include="SoD3DModelManager.cpp">
      <Filter>SoD3D</Filter>
    </ClCompile>
    <ClCompile Include="SoD3DShaderBase.cpp">
      <Filter>SoD3D</Filter>
    </ClCompile>
    <ClCompile Include="SoD3DShaderGGUI.cpp">
      <Filter>SoD3D</Filter>
    </ClCompile>
    <ClCompile Include="SoD3DShaderManager.cpp">
      <Filter>SoD3D</Filter>
    </ClCompile>
    <ClCompile Include="SoD3DShaderModelCube.cpp">
      <Filter>SoD3D</Filter>
    </ClCompile>
    <ClCompile Include="SoD3DShaderModelFbx.cpp">
      <Filter>SoD3D</Filter>
    </ClCompile>
    <ClCompile Include="SoD3DShaderModelKK.cpp">
      <Filter>SoD3D</Filter>
    </ClCompile>
    <ClCompile Include="SoD3DShaderModelKKNoBone.cpp">
      <Filter>SoD3D</Filter>
    </ClCompile>
    <ClCompile Include="SoD3DShaderTerrain.cpp">
      <Filter>SoD3D</Filter>
    </ClCompile>
    <ClCompile Include="SoD3DSystem.cpp">
      <Filter>SoD3D</Filter>
    </ClCompile>
    <ClCompile Include="SoD3DTerrain.cpp">
      <Filter>SoD3D</Filter>
    </ClCompile>
    <ClCompile Include="SoD3DTexture.cpp">
      <Filter>SoD3D</Filter>
    </ClCompile>
    <ClCompile Include="SoD3DTextureManager.cpp">
      <Filter>SoD3D</Filter>
    </ClCompile>
    <ClCompile Include="SoD3DTextureSystemFont.cpp">
      <Filter>SoD3D</Filter>
    </ClCompile>
    <ClCompile Include="SoD3DUserDefine.cpp">
      <Filter>SoD3D</Filter>
    </ClCompile>
    <ClCompile Include="SoArray.cpp">
      <Filter>SoBase</Filter>
    </ClCompile>
    <ClCompile Include="SoArrayUID.cpp">
      <Filter>SoBase</Filter>
    </ClCompile>
    <ClCompile Include="SoCmdLineHelp.cpp">
      <Filter>SoBase</Filter>
    </ClCompile>
    <ClCompile Include="SoCursor.cpp">
      <Filter>SoBase</Filter>
    </ClCompile>
    <ClCompile Include="SoGameTime.cpp">
      <Filter>SoBase</Filter>
    </ClCompile>
    <ClCompile Include="SoMath.cpp">
      <Filter>SoBase</Filter>
    </ClCompile>
    <ClCompile Include="SoMemoryHelp.cpp">
      <Filter>SoBase</Filter>
    </ClCompile>
    <ClCompile Include="SoReadFile.cpp">
      <Filter>SoBase</Filter>
    </ClCompile>
    <ClCompile Include="SoSimpleLoadFile.cpp">
      <Filter>SoBase</Filter>
    </ClCompile>
    <ClCompile Include="SoSimpleLog.cpp">
      <Filter>SoBase</Filter>
    </ClCompile>
    <ClCompile Include="SoStringConvert.cpp">
      <Filter>SoBase</Filter>
    </ClCompile>
    <ClCompile Include="SoStringHelp.cpp">
      <Filter>SoBase</Filter>
    </ClCompile>
    <ClCompile Include="SoSystemFont.cpp">
      <Filter>SoBase</Filter>
    </ClCompile>
    <ClCompile Include="SoTimeHelp.cpp">
      <Filter>SoBase</Filter>
    </ClCompile>
    <ClCompile Include="SoTinyString.cpp">
      <Filter>SoBase</Filter>
    </ClCompile>
    <ClCompile Include="StFBXDefine.cpp">
      <Filter>StFBX</Filter>
    </ClCompile>
    <ClCompile Include="StFBXManager.cpp">
      <Filter>StFBX</Filter>
    </ClCompile>
    <ClCompile Include="StFBXModel.cpp">
      <Filter>StFBX</Filter>
    </ClCompile>
    <ClCompile Include="StKKDefine.cpp">
      <Filter>StFBX</Filter>
    </ClCompile>
    <ClCompile Include="StKKFileKkbRead.cpp">
      <Filter>StFBX</Filter>
    </ClCompile>
    <ClCompile Include="StKKFileKkbWrite.cpp">
      <Filter>StFBX</Filter>
    </ClCompile>
    <ClCompile Include="StKKFileKkfRead.cpp">
      <Filter>StFBX</Filter>
    </ClCompile>
    <ClCompile Include="StKKFileKkfWrite.cpp">
      <Filter>StFBX</Filter>
    </ClCompile>
    <ClCompile Include="StKKFileKkmRead.cpp">
      <Filter>StFBX</Filter>
    </ClCompile>
    <ClCompile Include="StKKModel.cpp">
      <Filter>StFBX</Filter>
    </ClCompile>
    <ClCompile Include="NwUILogicFlowHelp.cpp">
      <Filter>GGUI</Filter>
    </ClCompile>
    <ClCompile Include="NwUIMain.cpp">
      <Filter>GGUI</Filter>
    </ClCompile>
    <ClCompile Include="WinApp.cpp">
      <Filter>WinApp</Filter>
    </ClCompile>
    <ClCompile Include="WinAppHelp.cpp">
      <Filter>WinApp</Filter>
    </ClCompile>
    <ClCompile Include="WinInputMsgDispatch.cpp">
      <Filter>WinApp</Filter>
    </ClCompile>
    <ClCompile Include="WinInputMsgManager.cpp">
      <Filter>WinApp</Filter>
    </ClCompile>
    <ClCompile Include="WinMain.cpp">
      <Filter>WinApp</Filter>
    </ClCompile>
  </ItemGroup>
  <ItemGroup>
    <ClInclude Include="GGUIColor.h">
      <Filter>GGUI</Filter>
    </ClInclude>
    <ClInclude Include="GGUIComponentText.h">
      <Filter>GGUI</Filter>
    </ClInclude>
    <ClInclude Include="GGUIDefine.h">
      <Filter>GGUI</Filter>
    </ClInclude>
    <ClInclude Include="GGUIEvent.h">
      <Filter>GGUI</Filter>
    </ClInclude>
    <ClInclude Include="GGUIFileGGM.h">
      <Filter>GGUI</Filter>
    </ClInclude>
    <ClInclude Include="GGUIFuncHelp.h">
      <Filter>GGUI</Filter>
    </ClInclude>
    <ClInclude Include="GGUIImageset.h">
      <Filter>GGUI</Filter>
    </ClInclude>
    <ClInclude Include="GGUIImagesetIO.h">
      <Filter>GGUI</Filter>
    </ClInclude>
    <ClInclude Include="GGUIImagesetManager.h">
      <Filter>GGUI</Filter>
    </ClInclude>
    <ClInclude Include="GGUIInputHelp.h">
      <Filter>GGUI</Filter>
    </ClInclude>
    <ClInclude Include="GGUILogicFlowHelp.h">
      <Filter>GGUI</Filter>
    </ClInclude>
    <ClInclude Include="GGUIPanel.h">
      <Filter>GGUI</Filter>
    </ClInclude>
    <ClInclude Include="GGUIPoint.h">
      <Filter>GGUI</Filter>
    </ClInclude>
    <ClInclude Include="GGUIRect.h">
      <Filter>GGUI</Filter>
    </ClInclude>
    <ClInclude Include="GGUIRenderHelp.h">
      <Filter>GGUI</Filter>
    </ClInclude>
    <ClInclude Include="GGUIRenderManager.h">
      <Filter>GGUI</Filter>
    </ClInclude>
    <ClInclude Include="GGUIRichTextDefine.h">
      <Filter>GGUI</Filter>
    </ClInclude>
    <ClInclude Include="GGUIUserDefine.h">
      <Filter>GGUI</Filter>
    </ClInclude>
    <ClInclude Include="GGUIWindowBase.h">
      <Filter>GGUI</Filter>
    </ClInclude>
    <ClInclude Include="GGUIWindowButton.h">
      <Filter>GGUI</Filter>
    </ClInclude>
    <ClInclude Include="GGUIWindowContainer.h">
      <Filter>GGUI</Filter>
    </ClInclude>
    <ClInclude Include="GGUIWindowFactory.h">
      <Filter>GGUI</Filter>
    </ClInclude>
    <ClInclude Include="GGUIWindowImage.h">
      <Filter>GGUI</Filter>
    </ClInclude>
    <ClInclude Include="GGUIWindowRichText.h">
      <Filter>GGUI</Filter>
    </ClInclude>
    <ClInclude Include="GGUIWindowText.h">
      <Filter>GGUI</Filter>
    </ClInclude>
    <ClInclude Include="SoD3DCamera.h">
      <Filter>SoD3D</Filter>
    </ClInclude>
    <ClInclude Include="SoD3DCameraBase.h">
      <Filter>SoD3D</Filter>
    </ClInclude>
    <ClInclude Include="SoD3DCameraUI.h">
      <Filter>SoD3D</Filter>
    </ClInclude>
    <ClInclude Include="SoD3DInclude.h">
      <Filter>SoD3D</Filter>
    </ClInclude>
    <ClInclude Include="SoD3DLogicFlowHelp.h">
      <Filter>SoD3D</Filter>
    </ClInclude>
    <ClInclude Include="SoD3DModelBase.h">
      <Filter>SoD3D</Filter>
    </ClInclude>
    <ClInclude Include="SoD3DModelCube.h">
      <Filter>SoD3D</Filter>
    </ClInclude>
    <ClInclude Include="SoD3DModelFbx.h">
      <Filter>SoD3D</Filter>
    </ClInclude>
    <ClInclude Include="SoD3DModelKK.h">
      <Filter>SoD3D</Filter>
    </ClInclude>
    <ClInclude Include="SoD3DModelManager.h">
      <Filter>SoD3D</Filter>
    </ClInclude>
    <ClInclude Include="SoD3DShaderBase.h">
      <Filter>SoD3D</Filter>
    </ClInclude>
    <ClInclude Include="SoD3DShaderGGUI.h">
      <Filter>SoD3D</Filter>
    </ClInclude>
    <ClInclude Include="SoD3DShaderManager.h">
      <Filter>SoD3D</Filter>
    </ClInclude>
    <ClInclude Include="SoD3DShaderModelCube.h">
      <Filter>SoD3D</Filter>
    </ClInclude>
    <ClInclude Include="SoD3DShaderModelFbx.h">
      <Filter>SoD3D</Filter>
    </ClInclude>
    <ClInclude Include="SoD3DShaderModelKK.h">
      <Filter>SoD3D</Filter>
    </ClInclude>
    <ClInclude Include="SoD3DShaderModelKKNoBone.h">
      <Filter>SoD3D</Filter>
    </ClInclude>
    <ClInclude Include="SoD3DShaderTerrain.h">
      <Filter>SoD3D</Filter>
    </ClInclude>
    <ClInclude Include="SoD3DSystem.h">
      <Filter>SoD3D</Filter>
    </ClInclude>
    <ClInclude Include="SoD3DTerrain.h">
      <Filter>SoD3D</Filter>
    </ClInclude>
    <ClInclude Include="SoD3DTexture.h">
      <Filter>SoD3D</Filter>
    </ClInclude>
    <ClInclude Include="SoD3DTextureManager.h">
      <Filter>SoD3D</Filter>
    </ClInclude>
    <ClInclude Include="SoD3DUserDefine.h">
      <Filter>SoD3D</Filter>
    </ClInclude>
    <ClInclude Include="SoArray.h">
      <Filter>SoBase</Filter>
    </ClInclude>
    <ClInclude Include="SoArrayUID.h">
      <Filter>SoBase</Filter>
    </ClInclude>
    <ClInclude Include="SoBitFlag.h">
      <Filter>SoBase</Filter>
    </ClInclude>
    <ClInclude Include="SoCmdLineHelp.h">
      <Filter>SoBase</Filter>
    </ClInclude>
    <ClInclude Include="SoCodeBaseInclude.h">
      <Filter>SoBase</Filter>
    </ClInclude>
    <ClInclude Include="SoCursor.h">
      <Filter>SoBase</Filter>
    </ClInclude>
    <ClInclude Include="SoGameTime.h">
      <Filter>SoBase</Filter>
    </ClInclude>
    <ClInclude Include="SoIntType.h">
      <Filter>SoBase</Filter>
    </ClInclude>
    <ClInclude Include="SoMath.h">
      <Filter>SoBase</Filter>
    </ClInclude>
    <ClInclude Include="SoMemoryHelp.h">
      <Filter>SoBase</Filter>
    </ClInclude>
    <ClInclude Include="SoReadFile.h">
      <Filter>SoBase</Filter>
    </ClInclude>
    <ClInclude Include="SoSimpleLoadFile.h">
      <Filter>SoBase</Filter>
    </ClInclude>
    <ClInclude Include="SoSimpleLog.h">
      <Filter>SoBase</Filter>
    </ClInclude>
    <ClInclude Include="SoStringConvert.h">
      <Filter>SoBase</Filter>
    </ClInclude>
    <ClInclude Include="SoStringHelp.h">
      <Filter>SoBase</Filter>
    </ClInclude>
    <ClInclude Include="SoSystemFont.h">
      <Filter>SoBase</Filter>
    </ClInclude>
    <ClInclude Include="SoTimeHelp.h">
      <Filter>SoBase</Filter>
    </ClInclude>
    <ClInclude Include="SoTinyString.h">
      <Filter>SoBase</Filter>
    </ClInclude>
    <ClInclude Include="StFBXDefine.h">
      <Filter>StFBX</Filter>
    </ClInclude>
    <ClInclude Include="StFBXManager.h">
      <Filter>StFBX</Filter>
    </ClInclude>
    <ClInclude Include="StFBXModel.h">
      <Filter>StFBX</Filter>
    </ClInclude>
    <ClInclude Include="StFBXUserDefine.h">
      <Filter>StFBX</Filter>
    </ClInclude>
    <ClInclude Include="StKKDefine.h">
      <Filter>StFBX</Filter>
    </ClInclude>
    <ClInclude Include="StKKFileKkbRead.h">
      <Filter>StFBX</Filter>
    </ClInclude>
    <ClInclude Include="StKKFileKkbWrite.h">
      <Filter>StFBX</Filter>
    </ClInclude>
    <ClInclude Include="StKKFileKkfRead.h">
      <Filter>StFBX</Filter>
    </ClInclude>
    <ClInclude Include="StKKFileKkfWrite.h">
      <Filter>StFBX</Filter>
    </ClInclude>
    <ClInclude Include="StKKFileKkmRead.h">
      <Filter>StFBX</Filter>
    </ClInclude>
    <ClInclude Include="StKKModel.h">
      <Filter>StFBX</Filter>
    </ClInclude>
    <ClInclude Include="NwUIMain.h">
      <Filter>GGUI</Filter>
    </ClInclude>
    <ClInclude Include="NwUIDefine.h">
      <Filter>GGUI</Filter>
    </ClInclude>
    <ClInclude Include="NwUILogicFlowHelp.h">
      <Filter>GGUI</Filter>
    </ClInclude>
    <ClInclude Include="WinApp.h">
      <Filter>WinApp</Filter>
    </ClInclude>
    <ClInclude Include="WinAppHelp.h">
      <Filter>WinApp</Filter>
    </ClInclude>
    <ClInclude Include="WinInputMsg.h">
      <Filter>WinApp</Filter>
    </ClInclude>
    <ClInclude Include="WinInputMsgDispatch.h">
      <Filter>WinApp</Filter>
    </ClInclude>
    <ClInclude Include="WinInputMsgManager.h">
      <Filter>WinApp</Filter>
    </ClInclude>
  </ItemGroup>
  <ItemGroup>
    <Filter Include="GGUI">
      <UniqueIdentifier>{31140620-6207-4394-950c-1f3ac651188b}</UniqueIdentifier>
    </Filter>
    <Filter Include="SoBase">
      <UniqueIdentifier>{d3b482c1-1306-4a73-8068-8562e5decd7e}</UniqueIdentifier>
    </Filter>
    <Filter Include="SoD3D">
      <UniqueIdentifier>{8a12b7b7-7fe3-4a42-a183-439df9405624}</UniqueIdentifier>
    </Filter>
    <Filter Include="StFBX">
      <UniqueIdentifier>{c841b386-82d0-4eb6-8c30-eb01b8fe3ead}</UniqueIdentifier>
    </Filter>
    <Filter Include="WinApp">
      <UniqueIdentifier>{028c2b0c-8c77-460e-b446-8e5713f841b5}</UniqueIdentifier>
    </Filter>
  </ItemGroup>
  <ItemGroup>
    <CustomBuild Include="SoD3DTextureSystemFont.h">
      <Filter>SoD3D</Filter>
    </CustomBuild>
  </ItemGroup>
</Project>